
Microsoft Visual Studio Solution File, Format Version 12.00
# Visual Studio Version 17
VisualStudioVersion = 17.0.31903.59
MinimumVisualStudioVersion = 10.0.40219.1
Project("{2150E333-8FDC-42A3-9474-1A3956D46DE8}") = "GithubActions", "GithubActions", "{46B56D40-BAD7-4788-906B-877304D0A24E}"
	ProjectSection(SolutionItems) = preProject
		.github\workflows\InsaneIO.Insane-PushToNuget.yml = .github\workflows\InsaneIO.Insane-PushToNuget.yml
	EndProjectSection
EndProject
Project("{9A19103F-16F7-4668-BE54-9A1E7A4F7556}") = "InsaneIO.Insane", "InsaneIO.Insane\InsaneIO.Insane.csproj", "{AB49D2F1-26A6-451F-ADB6-4773304B11D5}"
EndProject
Project("{9A19103F-16F7-4668-BE54-9A1E7A4F7556}") = "InsaneIO.CryptSharp.SCrypt", "InsaneIO.CryptSharp.SCrypt\InsaneIO.CryptSharp.SCrypt.csproj", "{ED161D50-14E4-486C-A938-0A94840BC810}"
EndProject
Project("{9A19103F-16F7-4668-BE54-9A1E7A4F7556}") = "InsaneIO.Insane.Tests", "InsaneIO.Insane.Tests\InsaneIO.Insane.Tests.csproj", "{9AE0A522-306A-4EAE-ABAC-7B05CB95366F}"
EndProject
Global
	GlobalSection(SolutionConfigurationPlatforms) = preSolution
		Debug|Any CPU = Debug|Any CPU
		Release|Any CPU = Release|Any CPU
	EndGlobalSection
	GlobalSection(ProjectConfigurationPlatforms) = postSolution
		{AB49D2F1-26A6-451F-ADB6-4773304B11D5}.Debug|Any CPU.ActiveCfg = Debug|Any CPU
		{AB49D2F1-26A6-451F-ADB6-4773304B11D5}.Debug|Any CPU.Build.0 = Debug|Any CPU
		{AB49D2F1-26A6-451F-ADB6-4773304B11D5}.Release|Any CPU.ActiveCfg = Release|Any CPU
		{AB49D2F1-26A6-451F-ADB6-4773304B11D5}.Release|Any CPU.Build.0 = Release|Any CPU
		{ED161D50-14E4-486C-A938-0A94840BC810}.Debug|Any CPU.ActiveCfg = Debug|Any CPU
		{ED161D50-14E4-486C-A938-0A94840BC810}.Debug|Any CPU.Build.0 = Debug|Any CPU
		{ED161D50-14E4-486C-A938-0A94840BC810}.Release|Any CPU.ActiveCfg = Release|Any CPU
		{ED161D50-14E4-486C-A938-0A94840BC810}.Release|Any CPU.Build.0 = Release|Any CPU
		{9AE0A522-306A-4EAE-ABAC-7B05CB95366F}.Debug|Any CPU.ActiveCfg = Debug|Any CPU
		{9AE0A522-306A-4EAE-ABAC-7B05CB95366F}.Debug|Any CPU.Build.0 = Debug|Any CPU
		{9AE0A522-306A-4EAE-ABAC-7B05CB95366F}.Release|Any CPU.ActiveCfg = Release|Any CPU
		{9AE0A522-306A-4EAE-ABAC-7B05CB95366F}.Release|Any CPU.Build.0 = Release|Any CPU
	EndGlobalSection
	GlobalSection(SolutionProperties) = preSolution
		HideSolutionNode = FALSE
	EndGlobalSection
	GlobalSection(ExtensibilityGlobals) = postSolution
		SolutionGuid = {C7B6A918-E267-4B91-85AE-CEE9B363BA07}
	EndGlobalSection
EndGlobal
