
Microsoft Visual Studio Solution File, Format Version 12.00
# Visual Studio Version 17
VisualStudioVersion = 17.0.31903.59
MinimumVisualStudioVersion = 10.0.40219.1
Project("{9A19103F-16F7-4668-BE54-9A1E7A4F7556}") = "Insane", "Insane\Insane.csproj", "{36224FCC-F10D-420F-A64B-AC9675ED7C2D}"
EndProject
Project("{9A19103F-16F7-4668-BE54-9A1E7A4F7556}") = "CryptSharp.SCrypt", "CryptSharp.SCrypt\CryptSharp.SCrypt.csproj", "{5EBD8686-09C1-4809-8C70-25D99FB5DF73}"
EndProject
Project("{9A19103F-16F7-4668-BE54-9A1E7A4F7556}") = "Insane.Tests", "Insane.Tests\Insane.Tests.csproj", "{EE6C5999-E070-4CFB-A3B8-A89F97AC1300}"
EndProject
Project("{9A19103F-16F7-4668-BE54-9A1E7A4F7556}") = "Insane.LiveTest", "Insane.LiveTest\Insane.LiveTest.csproj", "{6D97DA4B-ED6C-4071-8918-3A3BA2E6D7A7}"
EndProject
Project("{9A19103F-16F7-4668-BE54-9A1E7A4F7556}") = "Insane.WebApiLiveTests", "Insane.WebApiLiveTests\Insane.WebApiLiveTests.csproj", "{7FADA191-CE2E-4A65-BF30-420CCFD01DC1}"
EndProject
Project("{9A19103F-16F7-4668-BE54-9A1E7A4F7556}") = "Insane.MinimalWebApiLiveTests", "Insane.MinimalWebApiLiveTests\Insane.MinimalWebApiLiveTests.csproj", "{36A3EBF8-A932-463D-8CBA-CF707F76C93B}"
EndProject
Project("{9A19103F-16F7-4668-BE54-9A1E7A4F7556}") = "Insane.Exe", "Insane.Exe\Insane.Exe.csproj", "{41BE4E42-B33F-4B96-8D2A-B14978DA59B2}"
EndProject
Project("{9A19103F-16F7-4668-BE54-9A1E7A4F7556}") = "Insane.Generators", "Insane.Generators\Insane.Generators.csproj", "{E0F811E5-FDAF-4A20-963A-E8C1B2DA7A9D}"
EndProject
Global
	GlobalSection(SolutionConfigurationPlatforms) = preSolution
		Debug|Any CPU = Debug|Any CPU
		Release|Any CPU = Release|Any CPU
	EndGlobalSection
	GlobalSection(ProjectConfigurationPlatforms) = postSolution
		{36224FCC-F10D-420F-A64B-AC9675ED7C2D}.Debug|Any CPU.ActiveCfg = Debug|Any CPU
		{36224FCC-F10D-420F-A64B-AC9675ED7C2D}.Debug|Any CPU.Build.0 = Debug|Any CPU
		{36224FCC-F10D-420F-A64B-AC9675ED7C2D}.Release|Any CPU.ActiveCfg = Release|Any CPU
		{36224FCC-F10D-420F-A64B-AC9675ED7C2D}.Release|Any CPU.Build.0 = Release|Any CPU
		{5EBD8686-09C1-4809-8C70-25D99FB5DF73}.Debug|Any CPU.ActiveCfg = Debug|Any CPU
		{5EBD8686-09C1-4809-8C70-25D99FB5DF73}.Debug|Any CPU.Build.0 = Debug|Any CPU
		{5EBD8686-09C1-4809-8C70-25D99FB5DF73}.Release|Any CPU.ActiveCfg = Release|Any CPU
		{5EBD8686-09C1-4809-8C70-25D99FB5DF73}.Release|Any CPU.Build.0 = Release|Any CPU
		{EE6C5999-E070-4CFB-A3B8-A89F97AC1300}.Debug|Any CPU.ActiveCfg = Debug|Any CPU
		{EE6C5999-E070-4CFB-A3B8-A89F97AC1300}.Debug|Any CPU.Build.0 = Debug|Any CPU
		{EE6C5999-E070-4CFB-A3B8-A89F97AC1300}.Release|Any CPU.ActiveCfg = Release|Any CPU
		{EE6C5999-E070-4CFB-A3B8-A89F97AC1300}.Release|Any CPU.Build.0 = Release|Any CPU
		{6D97DA4B-ED6C-4071-8918-3A3BA2E6D7A7}.Debug|Any CPU.ActiveCfg = Debug|Any CPU
		{6D97DA4B-ED6C-4071-8918-3A3BA2E6D7A7}.Debug|Any CPU.Build.0 = Debug|Any CPU
		{6D97DA4B-ED6C-4071-8918-3A3BA2E6D7A7}.Release|Any CPU.ActiveCfg = Release|Any CPU
		{6D97DA4B-ED6C-4071-8918-3A3BA2E6D7A7}.Release|Any CPU.Build.0 = Release|Any CPU
		{7FADA191-CE2E-4A65-BF30-420CCFD01DC1}.Debug|Any CPU.ActiveCfg = Debug|Any CPU
		{7FADA191-CE2E-4A65-BF30-420CCFD01DC1}.Debug|Any CPU.Build.0 = Debug|Any CPU
		{7FADA191-CE2E-4A65-BF30-420CCFD01DC1}.Release|Any CPU.ActiveCfg = Release|Any CPU
		{7FADA191-CE2E-4A65-BF30-420CCFD01DC1}.Release|Any CPU.Build.0 = Release|Any CPU
		{36A3EBF8-A932-463D-8CBA-CF707F76C93B}.Debug|Any CPU.ActiveCfg = Debug|Any CPU
		{36A3EBF8-A932-463D-8CBA-CF707F76C93B}.Debug|Any CPU.Build.0 = Debug|Any CPU
		{36A3EBF8-A932-463D-8CBA-CF707F76C93B}.Release|Any CPU.ActiveCfg = Release|Any CPU
		{36A3EBF8-A932-463D-8CBA-CF707F76C93B}.Release|Any CPU.Build.0 = Release|Any CPU
		{41BE4E42-B33F-4B96-8D2A-B14978DA59B2}.Debug|Any CPU.ActiveCfg = Debug|Any CPU
		{41BE4E42-B33F-4B96-8D2A-B14978DA59B2}.Debug|Any CPU.Build.0 = Debug|Any CPU
		{41BE4E42-B33F-4B96-8D2A-B14978DA59B2}.Release|Any CPU.ActiveCfg = Release|Any CPU
		{41BE4E42-B33F-4B96-8D2A-B14978DA59B2}.Release|Any CPU.Build.0 = Release|Any CPU
		{E0F811E5-FDAF-4A20-963A-E8C1B2DA7A9D}.Debug|Any CPU.ActiveCfg = Debug|Any CPU
		{E0F811E5-FDAF-4A20-963A-E8C1B2DA7A9D}.Debug|Any CPU.Build.0 = Debug|Any CPU
		{E0F811E5-FDAF-4A20-963A-E8C1B2DA7A9D}.Release|Any CPU.ActiveCfg = Release|Any CPU
		{E0F811E5-FDAF-4A20-963A-E8C1B2DA7A9D}.Release|Any CPU.Build.0 = Release|Any CPU
	EndGlobalSection
	GlobalSection(SolutionProperties) = preSolution
		HideSolutionNode = FALSE
	EndGlobalSection
	GlobalSection(ExtensibilityGlobals) = postSolution
		SolutionGuid = {C7B6A918-E267-4B91-85AE-CEE9B363BA07}
	EndGlobalSection
EndGlobal
